# This file is autogenerated, do not edit; changes may be undone by the next 'dep ensure'.


[[projects]]
  name = "github.com/genkiroid/cert"
  packages = ["."]
  revision = "e204612b63152d39fe37342f8d827ece4b2d1e98"
  version = "0.11.0"

[solve-meta]
  analyzer-name = "dep"
  analyzer-version = 1
  inputs-digest = "cb461badee85701bea9a24c22a011b73978f10faefa8287324b44759d77708d9"
  solver-name = "gps-cdcl"
  solver-version = 1
