# This file is autogenerated, do not edit; changes may be undone by the next 'dep ensure'.


[[projects]]
  name = "github.com/genkiroid/cert"
  packages = ["."]
  revision = "59eee5999184204cf90d3fee2430cf00b71db7da"
  version = "0.9.0"

[solve-meta]
  analyzer-name = "dep"
  analyzer-version = 1
  inputs-digest = "3e292bf6f3e3228cb4c191b81da43b6ef4af36a2c8c5a16ebc53f15a43acaea7"
  solver-name = "gps-cdcl"
  solver-version = 1
