# This file is autogenerated, do not edit; changes may be undone by the next 'dep ensure'.


[[projects]]
  name = "github.com/genkiroid/cert"
  packages = ["."]
  revision = "aed2cf1b2376da64562d069c408fcbd3adcaf493"
  version = "0.10.0"

[solve-meta]
  analyzer-name = "dep"
  analyzer-version = 1
  inputs-digest = "911bf8c695e807818cbfb7206123216a033578fd96f6e4546d21c8ac9a847d3f"
  solver-name = "gps-cdcl"
  solver-version = 1
